
Microsoft Visual Studio Solution File, Format Version 12.00
# Visual Studio Version 16
VisualStudioVersion = 16.0.29326.143
MinimumVisualStudioVersion = 10.0.40219.1
Project("{9A19103F-16F7-4668-BE54-9A1E7A4F7556}") = "Azure.CosmosDB", "AzureCosmosDB\Azure.CosmosDB.csproj", "{934E54E4-F047-451E-B95D-C6752FD08133}"
EndProject
Project("{9A19103F-16F7-4668-BE54-9A1E7A4F7556}") = "Azure.Cosmos.Repo", "Azure.Cosmos.Repo\Azure.Cosmos.Repo.csproj", "{0F60153A-B868-4715-894C-CAC0A0507257}"
EndProject
Global
	GlobalSection(SolutionConfigurationPlatforms) = preSolution
		Debug|Any CPU = Debug|Any CPU
		Release|Any CPU = Release|Any CPU
	EndGlobalSection
	GlobalSection(ProjectConfigurationPlatforms) = postSolution
		{934E54E4-F047-451E-B95D-C6752FD08133}.Debug|Any CPU.ActiveCfg = Debug|Any CPU
		{934E54E4-F047-451E-B95D-C6752FD08133}.Debug|Any CPU.Build.0 = Debug|Any CPU
		{934E54E4-F047-451E-B95D-C6752FD08133}.Release|Any CPU.ActiveCfg = Release|Any CPU
		{934E54E4-F047-451E-B95D-C6752FD08133}.Release|Any CPU.Build.0 = Release|Any CPU
		{0F60153A-B868-4715-894C-CAC0A0507257}.Debug|Any CPU.ActiveCfg = Debug|Any CPU
		{0F60153A-B868-4715-894C-CAC0A0507257}.Debug|Any CPU.Build.0 = Debug|Any CPU
		{0F60153A-B868-4715-894C-CAC0A0507257}.Release|Any CPU.ActiveCfg = Release|Any CPU
		{0F60153A-B868-4715-894C-CAC0A0507257}.Release|Any CPU.Build.0 = Release|Any CPU
	EndGlobalSection
	GlobalSection(SolutionProperties) = preSolution
		HideSolutionNode = FALSE
	EndGlobalSection
	GlobalSection(ExtensibilityGlobals) = postSolution
		SolutionGuid = {CD2D172F-1718-4B26-B90B-1E82CB902DBB}
	EndGlobalSection
EndGlobal
